
Microsoft Visual Studio Solution File, Format Version 12.00
# Visual Studio Version 17
VisualStudioVersion = 17.6.33829.357
MinimumVisualStudioVersion = 10.0.40219.1
Project("{FAE04EC0-301F-11D3-BF4B-00C04F79EFBC}") = "Palindromes", "Palindromes.csproj", "{D7F4008B-7EAD-49A0-BF54-D849DBC19B7B}"
EndProject
Global
	GlobalSection(SolutionConfigurationPlatforms) = preSolution
		Debug|Any CPU = Debug|Any CPU
		Release|Any CPU = Release|Any CPU
	EndGlobalSection
	GlobalSection(ProjectConfigurationPlatforms) = postSolution
		{D7F4008B-7EAD-49A0-BF54-D849DBC19B7B}.Debug|Any CPU.ActiveCfg = Debug|Any CPU
		{D7F4008B-7EAD-49A0-BF54-D849DBC19B7B}.Debug|Any CPU.Build.0 = Debug|Any CPU
		{D7F4008B-7EAD-49A0-BF54-D849DBC19B7B}.Release|Any CPU.ActiveCfg = Release|Any CPU
		{D7F4008B-7EAD-49A0-BF54-D849DBC19B7B}.Release|Any CPU.Build.0 = Release|Any CPU
	EndGlobalSection
	GlobalSection(SolutionProperties) = preSolution
		HideSolutionNode = FALSE
	EndGlobalSection
	GlobalSection(ExtensibilityGlobals) = postSolution
		SolutionGuid = {313C607D-E806-49F5-A70D-FCA254C98FE1}
	EndGlobalSection
EndGlobal
